// !$*UTF8*$!
{
	archiveVersion = 1;
	classes = {
	};
	objectVersion = 56;
	objects = {

/* Begin PBXBuildFile section */
		434E0BF62BA4AEF80035DE9C /* SubCampApp.swift in Sources */ = {isa = PBXBuildFile; fileRef = 434E0BF52BA4AEF80035DE9C /* SubCampApp.swift */; };
		434E0BF82BA4AEF80035DE9C /* ContentView.swift in Sources */ = {isa = PBXBuildFile; fileRef = 434E0BF72BA4AEF80035DE9C /* ContentView.swift */; };
		434E0BFA2BA4AEF80035DE9C /* Item.swift in Sources */ = {isa = PBXBuildFile; fileRef = 434E0BF92BA4AEF80035DE9C /* Item.swift */; };
		434E0BFC2BA4AEF90035DE9C /* Assets.xcassets in Resources */ = {isa = PBXBuildFile; fileRef = 434E0BFB2BA4AEF90035DE9C /* Assets.xcassets */; };
		434E0BFF2BA4AEF90035DE9C /* Preview Assets.xcassets in Resources */ = {isa = PBXBuildFile; fileRef = 434E0BFE2BA4AEF90035DE9C /* Preview Assets.xcassets */; };
		434E0C092BA4AEFA0035DE9C /* SubCampTests.swift in Sources */ = {isa = PBXBuildFile; fileRef = 434E0C082BA4AEFA0035DE9C /* SubCampTests.swift */; };
		434E0C132BA4AEFA0035DE9C /* SubCampUITests.swift in Sources */ = {isa = PBXBuildFile; fileRef = 434E0C122BA4AEFA0035DE9C /* SubCampUITests.swift */; };
		434E0C152BA4AEFA0035DE9C /* SubCampUITestsLaunchTests.swift in Sources */ = {isa = PBXBuildFile; fileRef = 434E0C142BA4AEFA0035DE9C /* SubCampUITestsLaunchTests.swift */; };
		434E0C232BA4BE160035DE9C /* Contract.swift in Sources */ = {isa = PBXBuildFile; fileRef = 434E0C222BA4BE160035DE9C /* Contract.swift */; };
		434E0C262BA4BED80035DE9C /* ListView.swift in Sources */ = {isa = PBXBuildFile; fileRef = 434E0C252BA4BED80035DE9C /* ListView.swift */; };
		434E0C282BA5FB150035DE9C /* CreateEditView.swift in Sources */ = {isa = PBXBuildFile; fileRef = 434E0C272BA5FB150035DE9C /* CreateEditView.swift */; };
		434E0C2B2BA67FDC0035DE9C /* CurrencyField.swift in Sources */ = {isa = PBXBuildFile; fileRef = 434E0C2A2BA67FDB0035DE9C /* CurrencyField.swift */; };
		434E0C2D2BA8C84E0035DE9C /* Money.swift in Sources */ = {isa = PBXBuildFile; fileRef = 434E0C2C2BA8C84E0035DE9C /* Money.swift */; };
		434E0C2F2BA8C8C20035DE9C /* Total.swift in Sources */ = {isa = PBXBuildFile; fileRef = 434E0C2E2BA8C8C20035DE9C /* Total.swift */; };
		434E0C312BA8CABB0035DE9C /* ContractCard.swift in Sources */ = {isa = PBXBuildFile; fileRef = 434E0C302BA8CABB0035DE9C /* ContractCard.swift */; };
		434E0C332BA919780035DE9C /* .gitignore in Resources */ = {isa = PBXBuildFile; fileRef = 434E0C322BA919780035DE9C /* .gitignore */; };
		43B3D1D82BAF847500272ABE /* ContractSorting.swift in Sources */ = {isa = PBXBuildFile; fileRef = 43B3D1D72BAF847500272ABE /* ContractSorting.swift */; };
		43B3D1DA2BAF9EF700272ABE /* MainView.swift in Sources */ = {isa = PBXBuildFile; fileRef = 43B3D1D92BAF9EF700272ABE /* MainView.swift */; };
		43B3D1DE2BAFB1AB00272ABE /* Localizable.xcstrings in Resources */ = {isa = PBXBuildFile; fileRef = 43B3D1DD2BAFB1AB00272ABE /* Localizable.xcstrings */; };
		43B3D1E22BB22FB400272ABE /* SettingsView.swift in Sources */ = {isa = PBXBuildFile; fileRef = 43B3D1E12BB22FB400272ABE /* SettingsView.swift */; };
/* End PBXBuildFile section */

/* Begin PBXContainerItemProxy section */
		434E0C052BA4AEFA0035DE9C /* PBXContainerItemProxy */ = {
			isa = PBXContainerItemProxy;
			containerPortal = 434E0BEA2BA4AEF80035DE9C /* Project object */;
			proxyType = 1;
			remoteGlobalIDString = 434E0BF12BA4AEF80035DE9C;
			remoteInfo = SubCamp;
		};
		434E0C0F2BA4AEFA0035DE9C /* PBXContainerItemProxy */ = {
			isa = PBXContainerItemProxy;
			containerPortal = 434E0BEA2BA4AEF80035DE9C /* Project object */;
			proxyType = 1;
			remoteGlobalIDString = 434E0BF12BA4AEF80035DE9C;
			remoteInfo = SubCamp;
		};
/* End PBXContainerItemProxy section */

/* Begin PBXFileReference section */
		434E0BF22BA4AEF80035DE9C /* SubCamp.app */ = {isa = PBXFileReference; explicitFileType = wrapper.application; includeInIndex = 0; path = SubCamp.app; sourceTree = BUILT_PRODUCTS_DIR; };
		434E0BF52BA4AEF80035DE9C /* SubCampApp.swift */ = {isa = PBXFileReference; lastKnownFileType = sourcecode.swift; path = SubCampApp.swift; sourceTree = "<group>"; };
		434E0BF72BA4AEF80035DE9C /* ContentView.swift */ = {isa = PBXFileReference; lastKnownFileType = sourcecode.swift; path = ContentView.swift; sourceTree = "<group>"; };
		434E0BF92BA4AEF80035DE9C /* Item.swift */ = {isa = PBXFileReference; lastKnownFileType = sourcecode.swift; path = Item.swift; sourceTree = "<group>"; };
		434E0BFB2BA4AEF90035DE9C /* Assets.xcassets */ = {isa = PBXFileReference; lastKnownFileType = folder.assetcatalog; path = Assets.xcassets; sourceTree = "<group>"; };
		434E0BFE2BA4AEF90035DE9C /* Preview Assets.xcassets */ = {isa = PBXFileReference; lastKnownFileType = folder.assetcatalog; path = "Preview Assets.xcassets"; sourceTree = "<group>"; };
		434E0C042BA4AEFA0035DE9C /* SubCampTests.xctest */ = {isa = PBXFileReference; explicitFileType = wrapper.cfbundle; includeInIndex = 0; path = SubCampTests.xctest; sourceTree = BUILT_PRODUCTS_DIR; };
		434E0C082BA4AEFA0035DE9C /* SubCampTests.swift */ = {isa = PBXFileReference; lastKnownFileType = sourcecode.swift; path = SubCampTests.swift; sourceTree = "<group>"; };
		434E0C0E2BA4AEFA0035DE9C /* SubCampUITests.xctest */ = {isa = PBXFileReference; explicitFileType = wrapper.cfbundle; includeInIndex = 0; path = SubCampUITests.xctest; sourceTree = BUILT_PRODUCTS_DIR; };
		434E0C122BA4AEFA0035DE9C /* SubCampUITests.swift */ = {isa = PBXFileReference; lastKnownFileType = sourcecode.swift; path = SubCampUITests.swift; sourceTree = "<group>"; };
		434E0C142BA4AEFA0035DE9C /* SubCampUITestsLaunchTests.swift */ = {isa = PBXFileReference; lastKnownFileType = sourcecode.swift; path = SubCampUITestsLaunchTests.swift; sourceTree = "<group>"; };
		434E0C222BA4BE160035DE9C /* Contract.swift */ = {isa = PBXFileReference; lastKnownFileType = sourcecode.swift; path = Contract.swift; sourceTree = "<group>"; };
		434E0C252BA4BED80035DE9C /* ListView.swift */ = {isa = PBXFileReference; lastKnownFileType = sourcecode.swift; path = ListView.swift; sourceTree = "<group>"; };
		434E0C272BA5FB150035DE9C /* CreateEditView.swift */ = {isa = PBXFileReference; lastKnownFileType = sourcecode.swift; path = CreateEditView.swift; sourceTree = "<group>"; };
		434E0C2A2BA67FDB0035DE9C /* CurrencyField.swift */ = {isa = PBXFileReference; lastKnownFileType = sourcecode.swift; path = CurrencyField.swift; sourceTree = "<group>"; };
		434E0C2C2BA8C84E0035DE9C /* Money.swift */ = {isa = PBXFileReference; lastKnownFileType = sourcecode.swift; path = Money.swift; sourceTree = "<group>"; };
		434E0C2E2BA8C8C20035DE9C /* Total.swift */ = {isa = PBXFileReference; lastKnownFileType = sourcecode.swift; path = Total.swift; sourceTree = "<group>"; };
		434E0C302BA8CABB0035DE9C /* ContractCard.swift */ = {isa = PBXFileReference; lastKnownFileType = sourcecode.swift; path = ContractCard.swift; sourceTree = "<group>"; };
		434E0C322BA919780035DE9C /* .gitignore */ = {isa = PBXFileReference; lastKnownFileType = text; path = .gitignore; sourceTree = "<group>"; };
		434E0C362BA9C1350035DE9C /* Info.plist */ = {isa = PBXFileReference; lastKnownFileType = text.plist; path = Info.plist; sourceTree = "<group>"; };
		43B3D1D72BAF847500272ABE /* ContractSorting.swift */ = {isa = PBXFileReference; lastKnownFileType = sourcecode.swift; path = ContractSorting.swift; sourceTree = "<group>"; };
		43B3D1D92BAF9EF700272ABE /* MainView.swift */ = {isa = PBXFileReference; lastKnownFileType = sourcecode.swift; path = MainView.swift; sourceTree = "<group>"; };
		43B3D1DD2BAFB1AB00272ABE /* Localizable.xcstrings */ = {isa = PBXFileReference; lastKnownFileType = text.json.xcstrings; path = Localizable.xcstrings; sourceTree = "<group>"; };
		43B3D1E12BB22FB400272ABE /* SettingsView.swift */ = {isa = PBXFileReference; lastKnownFileType = sourcecode.swift; path = SettingsView.swift; sourceTree = "<group>"; };
/* End PBXFileReference section */

/* Begin PBXFrameworksBuildPhase section */
		434E0BEF2BA4AEF80035DE9C /* Frameworks */ = {
			isa = PBXFrameworksBuildPhase;
			buildActionMask = 2147483647;
			files = (
			);
			runOnlyForDeploymentPostprocessing = 0;
		};
		434E0C012BA4AEFA0035DE9C /* Frameworks */ = {
			isa = PBXFrameworksBuildPhase;
			buildActionMask = 2147483647;
			files = (
			);
			runOnlyForDeploymentPostprocessing = 0;
		};
		434E0C0B2BA4AEFA0035DE9C /* Frameworks */ = {
			isa = PBXFrameworksBuildPhase;
			buildActionMask = 2147483647;
			files = (
			);
			runOnlyForDeploymentPostprocessing = 0;
		};
/* End PBXFrameworksBuildPhase section */

/* Begin PBXGroup section */
		434E0BE92BA4AEF80035DE9C = {
			isa = PBXGroup;
			children = (
				434E0C322BA919780035DE9C /* .gitignore */,
				434E0BF42BA4AEF80035DE9C /* SubCamp */,
				434E0C072BA4AEFA0035DE9C /* SubCampTests */,
				434E0C112BA4AEFA0035DE9C /* SubCampUITests */,
				434E0BF32BA4AEF80035DE9C /* Products */,
			);
			sourceTree = "<group>";
		};
		434E0BF32BA4AEF80035DE9C /* Products */ = {
			isa = PBXGroup;
			children = (
				434E0BF22BA4AEF80035DE9C /* SubCamp.app */,
				434E0C042BA4AEFA0035DE9C /* SubCampTests.xctest */,
				434E0C0E2BA4AEFA0035DE9C /* SubCampUITests.xctest */,
			);
			name = Products;
			sourceTree = "<group>";
		};
		434E0BF42BA4AEF80035DE9C /* SubCamp */ = {
			isa = PBXGroup;
			children = (
				434E0C362BA9C1350035DE9C /* Info.plist */,
				434E0C242BA4BEC60035DE9C /* View */,
				434E0C212BA4BDF80035DE9C /* Model */,
				434E0BF52BA4AEF80035DE9C /* SubCampApp.swift */,
				434E0BF72BA4AEF80035DE9C /* ContentView.swift */,
				434E0BF92BA4AEF80035DE9C /* Item.swift */,
				434E0BFB2BA4AEF90035DE9C /* Assets.xcassets */,
				434E0BFD2BA4AEF90035DE9C /* Preview Content */,
				434E0C2C2BA8C84E0035DE9C /* Money.swift */,
				43B3D1DD2BAFB1AB00272ABE /* Localizable.xcstrings */,
			);
			path = SubCamp;
			sourceTree = "<group>";
		};
		434E0BFD2BA4AEF90035DE9C /* Preview Content */ = {
			isa = PBXGroup;
			children = (
				434E0BFE2BA4AEF90035DE9C /* Preview Assets.xcassets */,
			);
			path = "Preview Content";
			sourceTree = "<group>";
		};
		434E0C072BA4AEFA0035DE9C /* SubCampTests */ = {
			isa = PBXGroup;
			children = (
				434E0C082BA4AEFA0035DE9C /* SubCampTests.swift */,
			);
			path = SubCampTests;
			sourceTree = "<group>";
		};
		434E0C112BA4AEFA0035DE9C /* SubCampUITests */ = {
			isa = PBXGroup;
			children = (
				434E0C122BA4AEFA0035DE9C /* SubCampUITests.swift */,
				434E0C142BA4AEFA0035DE9C /* SubCampUITestsLaunchTests.swift */,
			);
			path = SubCampUITests;
			sourceTree = "<group>";
		};
		434E0C212BA4BDF80035DE9C /* Model */ = {
			isa = PBXGroup;
			children = (
				434E0C222BA4BE160035DE9C /* Contract.swift */,
				43B3D1D72BAF847500272ABE /* ContractSorting.swift */,
			);
			path = Model;
			sourceTree = "<group>";
		};
		434E0C242BA4BEC60035DE9C /* View */ = {
			isa = PBXGroup;
			children = (
				434E0C292BA67FCD0035DE9C /* Components */,
				434E0C252BA4BED80035DE9C /* ListView.swift */,
				434E0C272BA5FB150035DE9C /* CreateEditView.swift */,
				43B3D1D92BAF9EF700272ABE /* MainView.swift */,
				43B3D1E12BB22FB400272ABE /* SettingsView.swift */,
			);
			path = View;
			sourceTree = "<group>";
		};
		434E0C292BA67FCD0035DE9C /* Components */ = {
			isa = PBXGroup;
			children = (
				434E0C2A2BA67FDB0035DE9C /* CurrencyField.swift */,
				434E0C2E2BA8C8C20035DE9C /* Total.swift */,
				434E0C302BA8CABB0035DE9C /* ContractCard.swift */,
			);
			path = Components;
			sourceTree = "<group>";
		};
/* End PBXGroup section */

/* Begin PBXNativeTarget section */
		434E0BF12BA4AEF80035DE9C /* SubCamp */ = {
			isa = PBXNativeTarget;
			buildConfigurationList = 434E0C182BA4AEFA0035DE9C /* Build configuration list for PBXNativeTarget "SubCamp" */;
			buildPhases = (
				434E0BEE2BA4AEF80035DE9C /* Sources */,
				434E0BEF2BA4AEF80035DE9C /* Frameworks */,
				434E0BF02BA4AEF80035DE9C /* Resources */,
			);
			buildRules = (
			);
			dependencies = (
			);
			name = SubCamp;
			productName = SubCamp;
			productReference = 434E0BF22BA4AEF80035DE9C /* SubCamp.app */;
			productType = "com.apple.product-type.application";
		};
		434E0C032BA4AEFA0035DE9C /* SubCampTests */ = {
			isa = PBXNativeTarget;
			buildConfigurationList = 434E0C1B2BA4AEFA0035DE9C /* Build configuration list for PBXNativeTarget "SubCampTests" */;
			buildPhases = (
				434E0C002BA4AEFA0035DE9C /* Sources */,
				434E0C012BA4AEFA0035DE9C /* Frameworks */,
				434E0C022BA4AEFA0035DE9C /* Resources */,
			);
			buildRules = (
			);
			dependencies = (
				434E0C062BA4AEFA0035DE9C /* PBXTargetDependency */,
			);
			name = SubCampTests;
			productName = SubCampTests;
			productReference = 434E0C042BA4AEFA0035DE9C /* SubCampTests.xctest */;
			productType = "com.apple.product-type.bundle.unit-test";
		};
		434E0C0D2BA4AEFA0035DE9C /* SubCampUITests */ = {
			isa = PBXNativeTarget;
			buildConfigurationList = 434E0C1E2BA4AEFA0035DE9C /* Build configuration list for PBXNativeTarget "SubCampUITests" */;
			buildPhases = (
				434E0C0A2BA4AEFA0035DE9C /* Sources */,
				434E0C0B2BA4AEFA0035DE9C /* Frameworks */,
				434E0C0C2BA4AEFA0035DE9C /* Resources */,
			);
			buildRules = (
			);
			dependencies = (
				434E0C102BA4AEFA0035DE9C /* PBXTargetDependency */,
			);
			name = SubCampUITests;
			productName = SubCampUITests;
			productReference = 434E0C0E2BA4AEFA0035DE9C /* SubCampUITests.xctest */;
			productType = "com.apple.product-type.bundle.ui-testing";
		};
/* End PBXNativeTarget section */

/* Begin PBXProject section */
		434E0BEA2BA4AEF80035DE9C /* Project object */ = {
			isa = PBXProject;
			attributes = {
				BuildIndependentTargetsInParallel = 1;
				LastSwiftUpdateCheck = 1530;
				LastUpgradeCheck = 1530;
				TargetAttributes = {
					434E0BF12BA4AEF80035DE9C = {
						CreatedOnToolsVersion = 15.3;
					};
					434E0C032BA4AEFA0035DE9C = {
						CreatedOnToolsVersion = 15.3;
						TestTargetID = 434E0BF12BA4AEF80035DE9C;
					};
					434E0C0D2BA4AEFA0035DE9C = {
						CreatedOnToolsVersion = 15.3;
						TestTargetID = 434E0BF12BA4AEF80035DE9C;
					};
				};
			};
			buildConfigurationList = 434E0BED2BA4AEF80035DE9C /* Build configuration list for PBXProject "SubCamp" */;
			compatibilityVersion = "Xcode 14.0";
			developmentRegion = en;
			hasScannedForEncodings = 0;
			knownRegions = (
				en,
				Base,
				de,
			);
			mainGroup = 434E0BE92BA4AEF80035DE9C;
			productRefGroup = 434E0BF32BA4AEF80035DE9C /* Products */;
			projectDirPath = "";
			projectRoot = "";
			targets = (
				434E0BF12BA4AEF80035DE9C /* SubCamp */,
				434E0C032BA4AEFA0035DE9C /* SubCampTests */,
				434E0C0D2BA4AEFA0035DE9C /* SubCampUITests */,
			);
		};
/* End PBXProject section */

/* Begin PBXResourcesBuildPhase section */
		434E0BF02BA4AEF80035DE9C /* Resources */ = {
			isa = PBXResourcesBuildPhase;
			buildActionMask = 2147483647;
			files = (
				434E0BFF2BA4AEF90035DE9C /* Preview Assets.xcassets in Resources */,
				434E0C332BA919780035DE9C /* .gitignore in Resources */,
				43B3D1DE2BAFB1AB00272ABE /* Localizable.xcstrings in Resources */,
				434E0BFC2BA4AEF90035DE9C /* Assets.xcassets in Resources */,
			);
			runOnlyForDeploymentPostprocessing = 0;
		};
		434E0C022BA4AEFA0035DE9C /* Resources */ = {
			isa = PBXResourcesBuildPhase;
			buildActionMask = 2147483647;
			files = (
			);
			runOnlyForDeploymentPostprocessing = 0;
		};
		434E0C0C2BA4AEFA0035DE9C /* Resources */ = {
			isa = PBXResourcesBuildPhase;
			buildActionMask = 2147483647;
			files = (
			);
			runOnlyForDeploymentPostprocessing = 0;
		};
/* End PBXResourcesBuildPhase section */

/* Begin PBXSourcesBuildPhase section */
		434E0BEE2BA4AEF80035DE9C /* Sources */ = {
			isa = PBXSourcesBuildPhase;
			buildActionMask = 2147483647;
			files = (
				434E0C2F2BA8C8C20035DE9C /* Total.swift in Sources */,
				43B3D1DA2BAF9EF700272ABE /* MainView.swift in Sources */,
				43B3D1D82BAF847500272ABE /* ContractSorting.swift in Sources */,
				434E0C282BA5FB150035DE9C /* CreateEditView.swift in Sources */,
				434E0C2B2BA67FDC0035DE9C /* CurrencyField.swift in Sources */,
				434E0C312BA8CABB0035DE9C /* ContractCard.swift in Sources */,
				434E0BF82BA4AEF80035DE9C /* ContentView.swift in Sources */,
				434E0BFA2BA4AEF80035DE9C /* Item.swift in Sources */,
				434E0C262BA4BED80035DE9C /* ListView.swift in Sources */,
				434E0BF62BA4AEF80035DE9C /* SubCampApp.swift in Sources */,
				434E0C2D2BA8C84E0035DE9C /* Money.swift in Sources */,
				434E0C232BA4BE160035DE9C /* Contract.swift in Sources */,
				43B3D1E22BB22FB400272ABE /* SettingsView.swift in Sources */,
			);
			runOnlyForDeploymentPostprocessing = 0;
		};
		434E0C002BA4AEFA0035DE9C /* Sources */ = {
			isa = PBXSourcesBuildPhase;
			buildActionMask = 2147483647;
			files = (
				434E0C092BA4AEFA0035DE9C /* SubCampTests.swift in Sources */,
			);
			runOnlyForDeploymentPostprocessing = 0;
		};
		434E0C0A2BA4AEFA0035DE9C /* Sources */ = {
			isa = PBXSourcesBuildPhase;
			buildActionMask = 2147483647;
			files = (
				434E0C152BA4AEFA0035DE9C /* SubCampUITestsLaunchTests.swift in Sources */,
				434E0C132BA4AEFA0035DE9C /* SubCampUITests.swift in Sources */,
			);
			runOnlyForDeploymentPostprocessing = 0;
		};
/* End PBXSourcesBuildPhase section */

/* Begin PBXTargetDependency section */
		434E0C062BA4AEFA0035DE9C /* PBXTargetDependency */ = {
			isa = PBXTargetDependency;
			target = 434E0BF12BA4AEF80035DE9C /* SubCamp */;
			targetProxy = 434E0C052BA4AEFA0035DE9C /* PBXContainerItemProxy */;
		};
		434E0C102BA4AEFA0035DE9C /* PBXTargetDependency */ = {
			isa = PBXTargetDependency;
			target = 434E0BF12BA4AEF80035DE9C /* SubCamp */;
			targetProxy = 434E0C0F2BA4AEFA0035DE9C /* PBXContainerItemProxy */;
		};
/* End PBXTargetDependency section */

/* Begin XCBuildConfiguration section */
		434E0C162BA4AEFA0035DE9C /* Debug */ = {
			isa = XCBuildConfiguration;
			buildSettings = {
				ALWAYS_SEARCH_USER_PATHS = NO;
				ASSETCATALOG_COMPILER_GENERATE_SWIFT_ASSET_SYMBOL_EXTENSIONS = YES;
				CLANG_ANALYZER_NONNULL = YES;
				CLANG_ANALYZER_NUMBER_OBJECT_CONVERSION = YES_AGGRESSIVE;
				CLANG_CXX_LANGUAGE_STANDARD = "gnu++20";
				CLANG_ENABLE_MODULES = YES;
				CLANG_ENABLE_OBJC_ARC = YES;
				CLANG_ENABLE_OBJC_WEAK = YES;
				CLANG_WARN_BLOCK_CAPTURE_AUTORELEASING = YES;
				CLANG_WARN_BOOL_CONVERSION = YES;
				CLANG_WARN_COMMA = YES;
				CLANG_WARN_CONSTANT_CONVERSION = YES;
				CLANG_WARN_DEPRECATED_OBJC_IMPLEMENTATIONS = YES;
				CLANG_WARN_DIRECT_OBJC_ISA_USAGE = YES_ERROR;
				CLANG_WARN_DOCUMENTATION_COMMENTS = YES;
				CLANG_WARN_EMPTY_BODY = YES;
				CLANG_WARN_ENUM_CONVERSION = YES;
				CLANG_WARN_INFINITE_RECURSION = YES;
				CLANG_WARN_INT_CONVERSION = YES;
				CLANG_WARN_NON_LITERAL_NULL_CONVERSION = YES;
				CLANG_WARN_OBJC_IMPLICIT_RETAIN_SELF = YES;
				CLANG_WARN_OBJC_LITERAL_CONVERSION = YES;
				CLANG_WARN_OBJC_ROOT_CLASS = YES_ERROR;
				CLANG_WARN_QUOTED_INCLUDE_IN_FRAMEWORK_HEADER = YES;
				CLANG_WARN_RANGE_LOOP_ANALYSIS = YES;
				CLANG_WARN_STRICT_PROTOTYPES = YES;
				CLANG_WARN_SUSPICIOUS_MOVE = YES;
				CLANG_WARN_UNGUARDED_AVAILABILITY = YES_AGGRESSIVE;
				CLANG_WARN_UNREACHABLE_CODE = YES;
				CLANG_WARN__DUPLICATE_METHOD_MATCH = YES;
				COPY_PHASE_STRIP = NO;
				DEBUG_INFORMATION_FORMAT = dwarf;
				ENABLE_STRICT_OBJC_MSGSEND = YES;
				ENABLE_TESTABILITY = YES;
				ENABLE_USER_SCRIPT_SANDBOXING = YES;
				GCC_C_LANGUAGE_STANDARD = gnu17;
				GCC_DYNAMIC_NO_PIC = NO;
				GCC_NO_COMMON_BLOCKS = YES;
				GCC_OPTIMIZATION_LEVEL = 0;
				GCC_PREPROCESSOR_DEFINITIONS = (
					"DEBUG=1",
					"$(inherited)",
				);
				GCC_WARN_64_TO_32_BIT_CONVERSION = YES;
				GCC_WARN_ABOUT_RETURN_TYPE = YES_ERROR;
				GCC_WARN_UNDECLARED_SELECTOR = YES;
				GCC_WARN_UNINITIALIZED_AUTOS = YES_AGGRESSIVE;
				GCC_WARN_UNUSED_FUNCTION = YES;
				GCC_WARN_UNUSED_VARIABLE = YES;
				IPHONEOS_DEPLOYMENT_TARGET = 17.4;
				LOCALIZATION_PREFERS_STRING_CATALOGS = YES;
				MTL_ENABLE_DEBUG_INFO = INCLUDE_SOURCE;
				MTL_FAST_MATH = YES;
				ONLY_ACTIVE_ARCH = YES;
				SDKROOT = iphoneos;
				SWIFT_ACTIVE_COMPILATION_CONDITIONS = "DEBUG $(inherited)";
				SWIFT_OPTIMIZATION_LEVEL = "-Onone";
			};
			name = Debug;
		};
		434E0C172BA4AEFA0035DE9C /* Release */ = {
			isa = XCBuildConfiguration;
			buildSettings = {
				ALWAYS_SEARCH_USER_PATHS = NO;
				ASSETCATALOG_COMPILER_GENERATE_SWIFT_ASSET_SYMBOL_EXTENSIONS = YES;
				CLANG_ANALYZER_NONNULL = YES;
				CLANG_ANALYZER_NUMBER_OBJECT_CONVERSION = YES_AGGRESSIVE;
				CLANG_CXX_LANGUAGE_STANDARD = "gnu++20";
				CLANG_ENABLE_MODULES = YES;
				CLANG_ENABLE_OBJC_ARC = YES;
				CLANG_ENABLE_OBJC_WEAK = YES;
				CLANG_WARN_BLOCK_CAPTURE_AUTORELEASING = YES;
				CLANG_WARN_BOOL_CONVERSION = YES;
				CLANG_WARN_COMMA = YES;
				CLANG_WARN_CONSTANT_CONVERSION = YES;
				CLANG_WARN_DEPRECATED_OBJC_IMPLEMENTATIONS = YES;
				CLANG_WARN_DIRECT_OBJC_ISA_USAGE = YES_ERROR;
				CLANG_WARN_DOCUMENTATION_COMMENTS = YES;
				CLANG_WARN_EMPTY_BODY = YES;
				CLANG_WARN_ENUM_CONVERSION = YES;
				CLANG_WARN_INFINITE_RECURSION = YES;
				CLANG_WARN_INT_CONVERSION = YES;
				CLANG_WARN_NON_LITERAL_NULL_CONVERSION = YES;
				CLANG_WARN_OBJC_IMPLICIT_RETAIN_SELF = YES;
				CLANG_WARN_OBJC_LITERAL_CONVERSION = YES;
				CLANG_WARN_OBJC_ROOT_CLASS = YES_ERROR;
				CLANG_WARN_QUOTED_INCLUDE_IN_FRAMEWORK_HEADER = YES;
				CLANG_WARN_RANGE_LOOP_ANALYSIS = YES;
				CLANG_WARN_STRICT_PROTOTYPES = YES;
				CLANG_WARN_SUSPICIOUS_MOVE = YES;
				CLANG_WARN_UNGUARDED_AVAILABILITY = YES_AGGRESSIVE;
				CLANG_WARN_UNREACHABLE_CODE = YES;
				CLANG_WARN__DUPLICATE_METHOD_MATCH = YES;
				COPY_PHASE_STRIP = NO;
				DEBUG_INFORMATION_FORMAT = "dwarf-with-dsym";
				ENABLE_NS_ASSERTIONS = NO;
				ENABLE_STRICT_OBJC_MSGSEND = YES;
				ENABLE_USER_SCRIPT_SANDBOXING = YES;
				GCC_C_LANGUAGE_STANDARD = gnu17;
				GCC_NO_COMMON_BLOCKS = YES;
				GCC_WARN_64_TO_32_BIT_CONVERSION = YES;
				GCC_WARN_ABOUT_RETURN_TYPE = YES_ERROR;
				GCC_WARN_UNDECLARED_SELECTOR = YES;
				GCC_WARN_UNINITIALIZED_AUTOS = YES_AGGRESSIVE;
				GCC_WARN_UNUSED_FUNCTION = YES;
				GCC_WARN_UNUSED_VARIABLE = YES;
				IPHONEOS_DEPLOYMENT_TARGET = 17.4;
				LOCALIZATION_PREFERS_STRING_CATALOGS = YES;
				MTL_ENABLE_DEBUG_INFO = NO;
				MTL_FAST_MATH = YES;
				SDKROOT = iphoneos;
				SWIFT_COMPILATION_MODE = wholemodule;
				VALIDATE_PRODUCT = YES;
			};
			name = Release;
		};
		434E0C192BA4AEFA0035DE9C /* Debug */ = {
			isa = XCBuildConfiguration;
			buildSettings = {
				ASSETCATALOG_COMPILER_APPICON_NAME = AppIcon;
				ASSETCATALOG_COMPILER_GLOBAL_ACCENT_COLOR_NAME = AccentColor;
				CODE_SIGN_STYLE = Automatic;
				CURRENT_PROJECT_VERSION = 1;
				DEVELOPMENT_ASSET_PATHS = "\"SubCamp/Preview Content\"";
				DEVELOPMENT_TEAM = 3VL3FJXX72;
				ENABLE_PREVIEWS = YES;
				GENERATE_INFOPLIST_FILE = YES;
				INFOPLIST_FILE = SubCamp/Info.plist;
				INFOPLIST_KEY_UIApplicationSceneManifest_Generation = YES;
				INFOPLIST_KEY_UIApplicationSupportsIndirectInputEvents = YES;
				INFOPLIST_KEY_UILaunchScreen_Generation = YES;
				INFOPLIST_KEY_UISupportedInterfaceOrientations_iPad = "UIInterfaceOrientationPortrait UIInterfaceOrientationPortraitUpsideDown UIInterfaceOrientationLandscapeLeft UIInterfaceOrientationLandscapeRight";
				INFOPLIST_KEY_UISupportedInterfaceOrientations_iPhone = "UIInterfaceOrientationPortrait UIInterfaceOrientationLandscapeLeft UIInterfaceOrientationLandscapeRight";
				LD_RUNPATH_SEARCH_PATHS = (
					"$(inherited)",
					"@executable_path/Frameworks",
				);
				MARKETING_VERSION = 1.0;
				PRODUCT_BUNDLE_IDENTIFIER = com.benjaminsurrey.SubCamp;
				PRODUCT_NAME = "$(TARGET_NAME)";
				SWIFT_EMIT_LOC_STRINGS = YES;
				SWIFT_VERSION = 5.0;
				TARGETED_DEVICE_FAMILY = "1,2";
			};
			name = Debug;
		};
		434E0C1A2BA4AEFA0035DE9C /* Release */ = {
			isa = XCBuildConfiguration;
			buildSettings = {
				ASSETCATALOG_COMPILER_APPICON_NAME = AppIcon;
				ASSETCATALOG_COMPILER_GLOBAL_ACCENT_COLOR_NAME = AccentColor;
				CODE_SIGN_STYLE = Automatic;
				CURRENT_PROJECT_VERSION = 1;
				DEVELOPMENT_ASSET_PATHS = "\"SubCamp/Preview Content\"";
				DEVELOPMENT_TEAM = 3VL3FJXX72;
				ENABLE_PREVIEWS = YES;
				GENERATE_INFOPLIST_FILE = YES;
				INFOPLIST_FILE = SubCamp/Info.plist;
				INFOPLIST_KEY_UIApplicationSceneManifest_Generation = YES;
				INFOPLIST_KEY_UIApplicationSupportsIndirectInputEvents = YES;
				INFOPLIST_KEY_UILaunchScreen_Generation = YES;
				INFOPLIST_KEY_UISupportedInterfaceOrientations_iPad = "UIInterfaceOrientationPortrait UIInterfaceOrientationPortraitUpsideDown UIInterfaceOrientationLandscapeLeft UIInterfaceOrientationLandscapeRight";
				INFOPLIST_KEY_UISupportedInterfaceOrientations_iPhone = "UIInterfaceOrientationPortrait UIInterfaceOrientationLandscapeLeft UIInterfaceOrientationLandscapeRight";
				LD_RUNPATH_SEARCH_PATHS = (
					"$(inherited)",
					"@executable_path/Frameworks",
				);
				MARKETING_VERSION = 1.0;
				PRODUCT_BUNDLE_IDENTIFIER = com.benjaminsurrey.SubCamp;
				PRODUCT_NAME = "$(TARGET_NAME)";
				SWIFT_EMIT_LOC_STRINGS = YES;
				SWIFT_VERSION = 5.0;
				TARGETED_DEVICE_FAMILY = "1,2";
			};
			name = Release;
		};
		434E0C1C2BA4AEFA0035DE9C /* Debug */ = {
			isa = XCBuildConfiguration;
			buildSettings = {
				ALWAYS_EMBED_SWIFT_STANDARD_LIBRARIES = YES;
				BUNDLE_LOADER = "$(TEST_HOST)";
				CODE_SIGN_STYLE = Automatic;
				CURRENT_PROJECT_VERSION = 1;
				DEVELOPMENT_TEAM = 3VL3FJXX72;
				GENERATE_INFOPLIST_FILE = YES;
				IPHONEOS_DEPLOYMENT_TARGET = 17.4;
				MARKETING_VERSION = 1.0;
				PRODUCT_BUNDLE_IDENTIFIER = com.benjaminsurrey.SubCampTests;
				PRODUCT_NAME = "$(TARGET_NAME)";
				SWIFT_EMIT_LOC_STRINGS = NO;
				SWIFT_VERSION = 5.0;
				TARGETED_DEVICE_FAMILY = "1,2";
				TEST_HOST = "$(BUILT_PRODUCTS_DIR)/SubCamp.app/$(BUNDLE_EXECUTABLE_FOLDER_PATH)/SubCamp";
			};
			name = Debug;
		};
		434E0C1D2BA4AEFA0035DE9C /* Release */ = {
			isa = XCBuildConfiguration;
			buildSettings = {
				ALWAYS_EMBED_SWIFT_STANDARD_LIBRARIES = YES;
				BUNDLE_LOADER = "$(TEST_HOST)";
				CODE_SIGN_STYLE = Automatic;
				CURRENT_PROJECT_VERSION = 1;
				DEVELOPMENT_TEAM = 3VL3FJXX72;
				GENERATE_INFOPLIST_FILE = YES;
				IPHONEOS_DEPLOYMENT_TARGET = 17.4;
				MARKETING_VERSION = 1.0;
				PRODUCT_BUNDLE_IDENTIFIER = com.benjaminsurrey.SubCampTests;
				PRODUCT_NAME = "$(TARGET_NAME)";
				SWIFT_EMIT_LOC_STRINGS = NO;
				SWIFT_VERSION = 5.0;
				TARGETED_DEVICE_FAMILY = "1,2";
				TEST_HOST = "$(BUILT_PRODUCTS_DIR)/SubCamp.app/$(BUNDLE_EXECUTABLE_FOLDER_PATH)/SubCamp";
			};
			name = Release;
		};
		434E0C1F2BA4AEFA0035DE9C /* Debug */ = {
			isa = XCBuildConfiguration;
			buildSettings = {
				ALWAYS_EMBED_SWIFT_STANDARD_LIBRARIES = YES;
				CODE_SIGN_STYLE = Automatic;
				CURRENT_PROJECT_VERSION = 1;
				DEVELOPMENT_TEAM = 3VL3FJXX72;
				GENERATE_INFOPLIST_FILE = YES;
				MARKETING_VERSION = 1.0;
				PRODUCT_BUNDLE_IDENTIFIER = com.benjaminsurrey.SubCampUITests;
				PRODUCT_NAME = "$(TARGET_NAME)";
				SWIFT_EMIT_LOC_STRINGS = NO;
				SWIFT_VERSION = 5.0;
				TARGETED_DEVICE_FAMILY = "1,2";
				TEST_TARGET_NAME = SubCamp;
			};
			name = Debug;
		};
		434E0C202BA4AEFA0035DE9C /* Release */ = {
			isa = XCBuildConfiguration;
			buildSettings = {
				ALWAYS_EMBED_SWIFT_STANDARD_LIBRARIES = YES;
				CODE_SIGN_STYLE = Automatic;
				CURRENT_PROJECT_VERSION = 1;
				DEVELOPMENT_TEAM = 3VL3FJXX72;
				GENERATE_INFOPLIST_FILE = YES;
				MARKETING_VERSION = 1.0;
				PRODUCT_BUNDLE_IDENTIFIER = com.benjaminsurrey.SubCampUITests;
				PRODUCT_NAME = "$(TARGET_NAME)";
				SWIFT_EMIT_LOC_STRINGS = NO;
				SWIFT_VERSION = 5.0;
				TARGETED_DEVICE_FAMILY = "1,2";
				TEST_TARGET_NAME = SubCamp;
			};
			name = Release;
		};
/* End XCBuildConfiguration section */

/* Begin XCConfigurationList section */
		434E0BED2BA4AEF80035DE9C /* Build configuration list for PBXProject "SubCamp" */ = {
			isa = XCConfigurationList;
			buildConfigurations = (
				434E0C162BA4AEFA0035DE9C /* Debug */,
				434E0C172BA4AEFA0035DE9C /* Release */,
			);
			defaultConfigurationIsVisible = 0;
			defaultConfigurationName = Release;
		};
		434E0C182BA4AEFA0035DE9C /* Build configuration list for PBXNativeTarget "SubCamp" */ = {
			isa = XCConfigurationList;
			buildConfigurations = (
				434E0C192BA4AEFA0035DE9C /* Debug */,
				434E0C1A2BA4AEFA0035DE9C /* Release */,
			);
			defaultConfigurationIsVisible = 0;
			defaultConfigurationName = Release;
		};
		434E0C1B2BA4AEFA0035DE9C /* Build configuration list for PBXNativeTarget "SubCampTests" */ = {
			isa = XCConfigurationList;
			buildConfigurations = (
				434E0C1C2BA4AEFA0035DE9C /* Debug */,
				434E0C1D2BA4AEFA0035DE9C /* Release */,
			);
			defaultConfigurationIsVisible = 0;
			defaultConfigurationName = Release;
		};
		434E0C1E2BA4AEFA0035DE9C /* Build configuration list for PBXNativeTarget "SubCampUITests" */ = {
			isa = XCConfigurationList;
			buildConfigurations = (
				434E0C1F2BA4AEFA0035DE9C /* Debug */,
				434E0C202BA4AEFA0035DE9C /* Release */,
			);
			defaultConfigurationIsVisible = 0;
			defaultConfigurationName = Release;
		};
/* End XCConfigurationList section */
	};
	rootObject = 434E0BEA2BA4AEF80035DE9C /* Project object */;
}
